
Microsoft Visual Studio Solution File, Format Version 12.00
# Visual Studio Version 16
VisualStudioVersion = 25.0.1706.1
MinimumVisualStudioVersion = 10.0.40219.1
Project("{FAE04EC0-301F-11D3-BF4B-00C04F79EFBC}") = "PaymentAPI", "PaymentAPI\PaymentAPI.csproj", "{87E57916-3665-4AE6-80CD-FFBAD283B2CD}"
EndProject
Global
	GlobalSection(SolutionConfigurationPlatforms) = preSolution
		Debug|Any CPU = Debug|Any CPU
		Release|Any CPU = Release|Any CPU
	EndGlobalSection
	GlobalSection(ProjectConfigurationPlatforms) = postSolution
		{87E57916-3665-4AE6-80CD-FFBAD283B2CD}.Debug|Any CPU.ActiveCfg = Debug|Any CPU
		{87E57916-3665-4AE6-80CD-FFBAD283B2CD}.Debug|Any CPU.Build.0 = Debug|Any CPU
		{87E57916-3665-4AE6-80CD-FFBAD283B2CD}.Release|Any CPU.ActiveCfg = Release|Any CPU
		{87E57916-3665-4AE6-80CD-FFBAD283B2CD}.Release|Any CPU.Build.0 = Release|Any CPU
	EndGlobalSection
	GlobalSection(SolutionProperties) = preSolution
		HideSolutionNode = FALSE
	EndGlobalSection
	GlobalSection(ExtensibilityGlobals) = postSolution
		SolutionGuid = {44C85D8D-1984-4E31-AF80-C19FB9863381}
	EndGlobalSection
EndGlobal
